
Microsoft Visual Studio Solution File, Format Version 12.00
# Visual Studio Version 17
VisualStudioVersion = 17.5.33627.172
MinimumVisualStudioVersion = 10.0.40219.1
Project("{FAE04EC0-301F-11D3-BF4B-00C04F79EFBC}") = "TDS006-Ta1", "TDS006-Ta1\TDS006-Ta1.csproj", "{B846A3C7-2C99-4C0F-9F98-4B36BF1DC52B}"
EndProject
Global
	GlobalSection(SolutionConfigurationPlatforms) = preSolution
		Debug|Any CPU = Debug|Any CPU
		Release|Any CPU = Release|Any CPU
	EndGlobalSection
	GlobalSection(ProjectConfigurationPlatforms) = postSolution
		{B846A3C7-2C99-4C0F-9F98-4B36BF1DC52B}.Debug|Any CPU.ActiveCfg = Debug|Any CPU
		{B846A3C7-2C99-4C0F-9F98-4B36BF1DC52B}.Debug|Any CPU.Build.0 = Debug|Any CPU
		{B846A3C7-2C99-4C0F-9F98-4B36BF1DC52B}.Release|Any CPU.ActiveCfg = Release|Any CPU
		{B846A3C7-2C99-4C0F-9F98-4B36BF1DC52B}.Release|Any CPU.Build.0 = Release|Any CPU
	EndGlobalSection
	GlobalSection(SolutionProperties) = preSolution
		HideSolutionNode = FALSE
	EndGlobalSection
	GlobalSection(ExtensibilityGlobals) = postSolution
		SolutionGuid = {9AEAB919-AC02-4CE7-9F7D-1843B7507EF4}
	EndGlobalSection
EndGlobal
